
Microsoft Visual Studio Solution File, Format Version 12.00
# Visual Studio Version 16
VisualStudioVersion = 16.0.31112.23
MinimumVisualStudioVersion = 10.0.40219.1
Project("{FAE04EC0-301F-11D3-BF4B-00C04F79EFBC}") = "FactoryExample", "FactoryExample\FactoryExample.csproj", "{D8903672-7885-461B-A4D1-3C39D877CC27}"
EndProject
Project("{FAE04EC0-301F-11D3-BF4B-00C04F79EFBC}") = "Tests", "Tests\Tests.csproj", "{50A80C1E-E311-48CD-BF96-D6062D1C3947}"
EndProject
Global
	GlobalSection(SolutionConfigurationPlatforms) = preSolution
		Debug|Any CPU = Debug|Any CPU
		Release|Any CPU = Release|Any CPU
	EndGlobalSection
	GlobalSection(ProjectConfigurationPlatforms) = postSolution
		{D8903672-7885-461B-A4D1-3C39D877CC27}.Debug|Any CPU.ActiveCfg = Debug|Any CPU
		{D8903672-7885-461B-A4D1-3C39D877CC27}.Debug|Any CPU.Build.0 = Debug|Any CPU
		{D8903672-7885-461B-A4D1-3C39D877CC27}.Release|Any CPU.ActiveCfg = Release|Any CPU
		{D8903672-7885-461B-A4D1-3C39D877CC27}.Release|Any CPU.Build.0 = Release|Any CPU
		{50A80C1E-E311-48CD-BF96-D6062D1C3947}.Debug|Any CPU.ActiveCfg = Debug|Any CPU
		{50A80C1E-E311-48CD-BF96-D6062D1C3947}.Debug|Any CPU.Build.0 = Debug|Any CPU
		{50A80C1E-E311-48CD-BF96-D6062D1C3947}.Release|Any CPU.ActiveCfg = Release|Any CPU
		{50A80C1E-E311-48CD-BF96-D6062D1C3947}.Release|Any CPU.Build.0 = Release|Any CPU
	EndGlobalSection
	GlobalSection(SolutionProperties) = preSolution
		HideSolutionNode = FALSE
	EndGlobalSection
	GlobalSection(ExtensibilityGlobals) = postSolution
		SolutionGuid = {4392936F-8E79-42A0-B2A9-4B19599F05EE}
	EndGlobalSection
EndGlobal
