
Microsoft Visual Studio Solution File, Format Version 12.00
# Visual Studio Version 16
VisualStudioVersion = 16.0.31112.23
MinimumVisualStudioVersion = 10.0.40219.1
Project("{FAE04EC0-301F-11D3-BF4B-00C04F79EFBC}") = "Strategy", "Strategy\Strategy.csproj", "{A6D17B26-1711-4621-9841-67D69376C564}"
EndProject
Global
	GlobalSection(SolutionConfigurationPlatforms) = preSolution
		Debug|Any CPU = Debug|Any CPU
		Release|Any CPU = Release|Any CPU
	EndGlobalSection
	GlobalSection(ProjectConfigurationPlatforms) = postSolution
		{A6D17B26-1711-4621-9841-67D69376C564}.Debug|Any CPU.ActiveCfg = Debug|Any CPU
		{A6D17B26-1711-4621-9841-67D69376C564}.Debug|Any CPU.Build.0 = Debug|Any CPU
		{A6D17B26-1711-4621-9841-67D69376C564}.Release|Any CPU.ActiveCfg = Release|Any CPU
		{A6D17B26-1711-4621-9841-67D69376C564}.Release|Any CPU.Build.0 = Release|Any CPU
	EndGlobalSection
	GlobalSection(SolutionProperties) = preSolution
		HideSolutionNode = FALSE
	EndGlobalSection
	GlobalSection(ExtensibilityGlobals) = postSolution
		SolutionGuid = {6E553CA3-E279-4A55-9D3F-B995253CAC3C}
	EndGlobalSection
EndGlobal
